schema: '2.0'
stages:
  data_cleaning:
    cmd: python pipeline/data_cleaning.py
    deps:
    - path: data/Music Info.csv
      hash: md5
      md5: e63b74919a3cdada5c804df4666391c9
      size: 14985870
    - path: pipeline/data_cleaning.py
      hash: md5
      md5: 73b02bff7c05183b86167553db917959
      size: 720
    outs:
    - path: data/processed/cleaned_data.csv
      hash: md5
      md5: b5e99f8fcf0e54fa347c97490c779d67
      size: 13709636
  content_filtering:
    cmd: python pipeline/content_filtering.py
    deps:
    - path: data/processed/cleaned_data.csv
      hash: md5
      md5: b5e99f8fcf0e54fa347c97490c779d67
      size: 13709636
    - path: pipeline/content_filtering.py
      hash: md5
      md5: 6898f13ba576909ff30584c0d36627b0
      size: 2267
    outs:
    - path: data/processed/transformed_data.npz
      hash: md5
      md5: 85de5b8f72179f27584bb3b52f0fdcbb
      size: 4522771
    - path: transformer.joblib
      hash: md5
      md5: 58a4cc9fa2b75ce837705d70cc52ed65
      size: 193262
  collabarative_filtering:
    cmd: python pipeline/collabrative_filtering.py
    deps:
    - path: data/UserHistory.csv
      hash: md5
      md5: 3a12e713844195171c7040c051d6d4ae
      size: 602515573
    - path: data/processed/cleaned_data.csv
      hash: md5
      md5: b5e99f8fcf0e54fa347c97490c779d67
      size: 13709636
    - path: pipeline/collabrative_filtering.py
      hash: md5
      md5: 793a89c76c0abf2cd55c75b79303beba
      size: 3978
    outs:
    - path: data/interaction_matrix.npz
      hash: md5
      md5: 7c935d021cda71aec1b24d7b92841947
      size: 32311352
    - path: data/processed/collab_filtered_data.csv
      hash: md5
      md5: a0a00dc447525323f6da922ee7138cc0
      size: 8259927
    - path: data/track_ids.npy
      hash: md5
      md5: 1a83b610e7d7fb22e73b37575fe794b9
      size: 852472
  hybrid_filtering:
    cmd: python pipeline/transformed_hybrid_recommendation.py
    deps:
    - path: data/processed/collab_filtered_data.csv
      hash: md5
      md5: a0a00dc447525323f6da922ee7138cc0
      size: 8259927
    - path: pipeline/transformed_hybrid_recommendation.py
      hash: md5
      md5: 267284a5d13a6bf709aaaa2f961558b2
      size: 654
    outs:
    - path: data/processed/transformed_hybrid_data.npz
      hash: md5
      md5: c1818efe01237f7d9e0f1e4d99f8146a
      size: 2977233
